
Microsoft Visual Studio Solution File, Format Version 12.00
# Visual Studio Version 17
VisualStudioVersion = 17.3.32901.215
MinimumVisualStudioVersion = 10.0.40219.1
Project("{FAE04EC0-301F-11D3-BF4B-00C04F79EFBC}") = "DataProviderExample", "DataProviderExample\DataProviderExample.csproj", "{D4F6F7F9-37C7-4D0D-B34D-B4C516E5116D}"
EndProject
Global
	GlobalSection(SolutionConfigurationPlatforms) = preSolution
		Debug|Any CPU = Debug|Any CPU
		Release|Any CPU = Release|Any CPU
	EndGlobalSection
	GlobalSection(ProjectConfigurationPlatforms) = postSolution
		{D4F6F7F9-37C7-4D0D-B34D-B4C516E5116D}.Debug|Any CPU.ActiveCfg = Debug|Any CPU
		{D4F6F7F9-37C7-4D0D-B34D-B4C516E5116D}.Debug|Any CPU.Build.0 = Debug|Any CPU
		{D4F6F7F9-37C7-4D0D-B34D-B4C516E5116D}.Release|Any CPU.ActiveCfg = Release|Any CPU
		{D4F6F7F9-37C7-4D0D-B34D-B4C516E5116D}.Release|Any CPU.Build.0 = Release|Any CPU
	EndGlobalSection
	GlobalSection(SolutionProperties) = preSolution
		HideSolutionNode = FALSE
	EndGlobalSection
	GlobalSection(ExtensibilityGlobals) = postSolution
		SolutionGuid = {DD82A93F-B3E0-474F-BA7B-D041BED89115}
	EndGlobalSection
EndGlobal
